
Microsoft Visual Studio Solution File, Format Version 12.00
# Visual Studio Version 16
VisualStudioVersion = 16.0.30804.86
MinimumVisualStudioVersion = 10.0.40219.1
Project("{FAE04EC0-301F-11D3-BF4B-00C04F79EFBC}") = "ProjeCore", "ProjeCore\ProjeCore.csproj", "{59F65F03-DDA9-4284-898A-A793574A51AF}"
EndProject
Global
	GlobalSection(SolutionConfigurationPlatforms) = preSolution
		Debug|Any CPU = Debug|Any CPU
		Release|Any CPU = Release|Any CPU
	EndGlobalSection
	GlobalSection(ProjectConfigurationPlatforms) = postSolution
		{59F65F03-DDA9-4284-898A-A793574A51AF}.Debug|Any CPU.ActiveCfg = Debug|Any CPU
		{59F65F03-DDA9-4284-898A-A793574A51AF}.Debug|Any CPU.Build.0 = Debug|Any CPU
		{59F65F03-DDA9-4284-898A-A793574A51AF}.Release|Any CPU.ActiveCfg = Release|Any CPU
		{59F65F03-DDA9-4284-898A-A793574A51AF}.Release|Any CPU.Build.0 = Release|Any CPU
	EndGlobalSection
	GlobalSection(SolutionProperties) = preSolution
		HideSolutionNode = FALSE
	EndGlobalSection
	GlobalSection(ExtensibilityGlobals) = postSolution
		SolutionGuid = {C2376067-0E7E-44A0-BCEF-D05AC1F1E5DB}
	EndGlobalSection
EndGlobal
